
Microsoft Visual Studio Solution File, Format Version 12.00
# Visual Studio Version 17
VisualStudioVersion = 17.12.35209.166
MinimumVisualStudioVersion = 10.0.40219.1
Project("{FAE04EC0-301F-11D3-BF4B-00C04F79EFBC}") = "Curiousity", "Curiousity\Curiousity.csproj", "{AFD6AFEE-B009-4B52-930E-A73580BFEE41}"
EndProject
Global
	GlobalSection(SolutionConfigurationPlatforms) = preSolution
		Debug|Any CPU = Debug|Any CPU
		Release|Any CPU = Release|Any CPU
	EndGlobalSection
	GlobalSection(ProjectConfigurationPlatforms) = postSolution
		{AFD6AFEE-B009-4B52-930E-A73580BFEE41}.Debug|Any CPU.ActiveCfg = Debug|Any CPU
		{AFD6AFEE-B009-4B52-930E-A73580BFEE41}.Debug|Any CPU.Build.0 = Debug|Any CPU
		{AFD6AFEE-B009-4B52-930E-A73580BFEE41}.Release|Any CPU.ActiveCfg = Release|Any CPU
		{AFD6AFEE-B009-4B52-930E-A73580BFEE41}.Release|Any CPU.Build.0 = Release|Any CPU
	EndGlobalSection
	GlobalSection(SolutionProperties) = preSolution
		HideSolutionNode = FALSE
	EndGlobalSection
	GlobalSection(ExtensibilityGlobals) = postSolution
		SolutionGuid = {C5DEBE4B-3A00-45E1-914B-5E7D2804F8AC}
	EndGlobalSection
EndGlobal
